
Microsoft Visual Studio Solution File, Format Version 12.00
# Visual Studio Version 16
VisualStudioVersion = 16.0.29306.81
MinimumVisualStudioVersion = 10.0.40219.1
Project("{8BC9CEB8-8B4A-11D0-8D11-00A0C91BC942}") = "TripleXHacker", "TripleXHacker\TripleXHacker.vcxproj", "{E92DA55B-B03D-4B8A-ABC4-57E9481B57EC}"
EndProject
Global
	GlobalSection(SolutionConfigurationPlatforms) = preSolution
		Debug|x64 = Debug|x64
		Debug|x86 = Debug|x86
		Release|x64 = Release|x64
		Release|x86 = Release|x86
	EndGlobalSection
	GlobalSection(ProjectConfigurationPlatforms) = postSolution
		{E92DA55B-B03D-4B8A-ABC4-57E9481B57EC}.Debug|x64.ActiveCfg = Debug|x64
		{E92DA55B-B03D-4B8A-ABC4-57E9481B57EC}.Debug|x64.Build.0 = Debug|x64
		{E92DA55B-B03D-4B8A-ABC4-57E9481B57EC}.Debug|x86.ActiveCfg = Debug|Win32
		{E92DA55B-B03D-4B8A-ABC4-57E9481B57EC}.Debug|x86.Build.0 = Debug|Win32
		{E92DA55B-B03D-4B8A-ABC4-57E9481B57EC}.Release|x64.ActiveCfg = Release|x64
		{E92DA55B-B03D-4B8A-ABC4-57E9481B57EC}.Release|x64.Build.0 = Release|x64
		{E92DA55B-B03D-4B8A-ABC4-57E9481B57EC}.Release|x86.ActiveCfg = Release|Win32
		{E92DA55B-B03D-4B8A-ABC4-57E9481B57EC}.Release|x86.Build.0 = Release|Win32
	EndGlobalSection
	GlobalSection(SolutionProperties) = preSolution
		HideSolutionNode = FALSE
	EndGlobalSection
	GlobalSection(ExtensibilityGlobals) = postSolution
		SolutionGuid = {F2F71D68-E6AC-4D5C-8EAC-0721D1FD0E34}
	EndGlobalSection
EndGlobal
